{
  "name": "@ghast/memory",
  "version": "0.1.0-alpha.69",
  "lockfileVersion": 3,
  "requires": true,
  "packages": {
    "": {
      "name": "@ghast/memory",
      "version": "0.1.0-alpha.69",
      "license": "Apache-2.0",
      "dependencies": {
        "@modelcontextprotocol/sdk": "^1.29.0",
        "better-sqlite3": "^12.11.1",
        "zod": "^4.4.3"
      },
      "bin": {
        "ghast-memory": "dist/cli/gmos.js",
        "gmos": "dist/cli/gmos.js",
        "gmos-inspect": "dist/cli/gmos-inspect.js"
      },
      "devDependencies": {
        "@types/better-sqlite3": "^7.6.13",
        "@types/node": "^24.0.3",
        "tsx": "^4.22.4",
        "typescript": "^6.0.3"
      },
      "engines": {
        "node": ">=20.19"
      }
    }
  }
}
